
Microsoft Visual Studio Solution File, Format Version 11.00
# Visual Studio 2010
Project("{FAE04EC0-301F-11D3-BF4B-00C04F79EFBC}") = "1217_beatBoxerFinal", "Assembly-CSharp.csproj", "{C2104D1F-EB02-C2A7-07B2-FDE2B1D4A487}"
EndProject
Project("{FAE04EC0-301F-11D3-BF4B-00C04F79EFBC}") = "1217_beatBoxerFinal", "Assembly-CSharp-Editor.csproj", "{2BF2B164-804E-FE2F-1412-137D5C6011A4}"
EndProject
Global
	GlobalSection(SolutionConfigurationPlatforms) = preSolution
		Debug|Any CPU = Debug|Any CPU
		Release|Any CPU = Release|Any CPU
	EndGlobalSection
	GlobalSection(ProjectConfigurationPlatforms) = postSolution
		{C2104D1F-EB02-C2A7-07B2-FDE2B1D4A487}.Debug|Any CPU.ActiveCfg = Debug|Any CPU
		{C2104D1F-EB02-C2A7-07B2-FDE2B1D4A487}.Debug|Any CPU.Build.0 = Debug|Any CPU
		{C2104D1F-EB02-C2A7-07B2-FDE2B1D4A487}.Release|Any CPU.ActiveCfg = Release|Any CPU
		{C2104D1F-EB02-C2A7-07B2-FDE2B1D4A487}.Release|Any CPU.Build.0 = Release|Any CPU
		{2BF2B164-804E-FE2F-1412-137D5C6011A4}.Debug|Any CPU.ActiveCfg = Debug|Any CPU
		{2BF2B164-804E-FE2F-1412-137D5C6011A4}.Debug|Any CPU.Build.0 = Debug|Any CPU
		{2BF2B164-804E-FE2F-1412-137D5C6011A4}.Release|Any CPU.ActiveCfg = Release|Any CPU
		{2BF2B164-804E-FE2F-1412-137D5C6011A4}.Release|Any CPU.Build.0 = Release|Any CPU
	EndGlobalSection
	GlobalSection(SolutionProperties) = preSolution
		HideSolutionNode = FALSE
	EndGlobalSection
	GlobalSection(MonoDevelopProperties) = preSolution
		StartupItem = Assembly-CSharp.csproj
	EndGlobalSection
EndGlobal
